
Microsoft Visual Studio Solution File, Format Version 12.00
Project("{FAE04EC0-301F-11D3-BF4B-00C04F79EFBC}") = "DockerLearn.APi1", "DockerLearn.APi1\DockerLearn.APi1.csproj", "{9AB550CE-124C-4E27-8AA0-6D4FF0E20909}"
EndProject
Project("{FAE04EC0-301F-11D3-BF4B-00C04F79EFBC}") = "DockerLearn.API2", "DockerLearn.API2\DockerLearn.API2.csproj", "{BB756C18-AB51-45F4-94C1-ED0C1CD64387}"
EndProject
Project("{2150E333-8FDC-42A3-9474-1A3956D46DE8}") = "API1", "API1", "{34F4306A-EBD4-40F4-A180-A78B9AE0A9F3}"
EndProject
Project("{2150E333-8FDC-42A3-9474-1A3956D46DE8}") = "API2", "API2", "{C43096AC-5715-41FC-BC2D-D7DEE83749E6}"
EndProject
Project("{FAE04EC0-301F-11D3-BF4B-00C04F79EFBC}") = "API1.Infra", "API1.Infra\API1.Infra.csproj", "{25DEA8D4-9DE1-4D97-8B8F-B952F105C883}"
EndProject
Project("{FAE04EC0-301F-11D3-BF4B-00C04F79EFBC}") = "API.Core", "API.Core\API.Core.csproj", "{EE55BC98-B60B-4940-B7E0-661351E79C56}"
EndProject
Project("{FAE04EC0-301F-11D3-BF4B-00C04F79EFBC}") = "APi2.Core", "APi2.Core\APi2.Core.csproj", "{B4B66473-DEAE-494A-8B20-D66D8062210A}"
EndProject
Project("{FAE04EC0-301F-11D3-BF4B-00C04F79EFBC}") = "Api2.Infra", "Api2.Infra\Api2.Infra.csproj", "{D8B34787-1FD0-41D4-AAFE-E4B88F142896}"
EndProject
Global
	GlobalSection(SolutionConfigurationPlatforms) = preSolution
		Debug|Any CPU = Debug|Any CPU
		Release|Any CPU = Release|Any CPU
	EndGlobalSection
	GlobalSection(ProjectConfigurationPlatforms) = postSolution
		{9AB550CE-124C-4E27-8AA0-6D4FF0E20909}.Debug|Any CPU.ActiveCfg = Debug|Any CPU
		{9AB550CE-124C-4E27-8AA0-6D4FF0E20909}.Debug|Any CPU.Build.0 = Debug|Any CPU
		{9AB550CE-124C-4E27-8AA0-6D4FF0E20909}.Release|Any CPU.ActiveCfg = Release|Any CPU
		{9AB550CE-124C-4E27-8AA0-6D4FF0E20909}.Release|Any CPU.Build.0 = Release|Any CPU
		{BB756C18-AB51-45F4-94C1-ED0C1CD64387}.Debug|Any CPU.ActiveCfg = Debug|Any CPU
		{BB756C18-AB51-45F4-94C1-ED0C1CD64387}.Debug|Any CPU.Build.0 = Debug|Any CPU
		{BB756C18-AB51-45F4-94C1-ED0C1CD64387}.Release|Any CPU.ActiveCfg = Release|Any CPU
		{BB756C18-AB51-45F4-94C1-ED0C1CD64387}.Release|Any CPU.Build.0 = Release|Any CPU
		{25DEA8D4-9DE1-4D97-8B8F-B952F105C883}.Debug|Any CPU.ActiveCfg = Debug|Any CPU
		{25DEA8D4-9DE1-4D97-8B8F-B952F105C883}.Debug|Any CPU.Build.0 = Debug|Any CPU
		{25DEA8D4-9DE1-4D97-8B8F-B952F105C883}.Release|Any CPU.ActiveCfg = Release|Any CPU
		{25DEA8D4-9DE1-4D97-8B8F-B952F105C883}.Release|Any CPU.Build.0 = Release|Any CPU
		{EE55BC98-B60B-4940-B7E0-661351E79C56}.Debug|Any CPU.ActiveCfg = Debug|Any CPU
		{EE55BC98-B60B-4940-B7E0-661351E79C56}.Debug|Any CPU.Build.0 = Debug|Any CPU
		{EE55BC98-B60B-4940-B7E0-661351E79C56}.Release|Any CPU.ActiveCfg = Release|Any CPU
		{EE55BC98-B60B-4940-B7E0-661351E79C56}.Release|Any CPU.Build.0 = Release|Any CPU
		{B4B66473-DEAE-494A-8B20-D66D8062210A}.Debug|Any CPU.ActiveCfg = Debug|Any CPU
		{B4B66473-DEAE-494A-8B20-D66D8062210A}.Debug|Any CPU.Build.0 = Debug|Any CPU
		{B4B66473-DEAE-494A-8B20-D66D8062210A}.Release|Any CPU.ActiveCfg = Release|Any CPU
		{B4B66473-DEAE-494A-8B20-D66D8062210A}.Release|Any CPU.Build.0 = Release|Any CPU
		{D8B34787-1FD0-41D4-AAFE-E4B88F142896}.Debug|Any CPU.ActiveCfg = Debug|Any CPU
		{D8B34787-1FD0-41D4-AAFE-E4B88F142896}.Debug|Any CPU.Build.0 = Debug|Any CPU
		{D8B34787-1FD0-41D4-AAFE-E4B88F142896}.Release|Any CPU.ActiveCfg = Release|Any CPU
		{D8B34787-1FD0-41D4-AAFE-E4B88F142896}.Release|Any CPU.Build.0 = Release|Any CPU
	EndGlobalSection
	GlobalSection(NestedProjects) = preSolution
		{9AB550CE-124C-4E27-8AA0-6D4FF0E20909} = {34F4306A-EBD4-40F4-A180-A78B9AE0A9F3}
		{BB756C18-AB51-45F4-94C1-ED0C1CD64387} = {C43096AC-5715-41FC-BC2D-D7DEE83749E6}
		{25DEA8D4-9DE1-4D97-8B8F-B952F105C883} = {34F4306A-EBD4-40F4-A180-A78B9AE0A9F3}
		{EE55BC98-B60B-4940-B7E0-661351E79C56} = {34F4306A-EBD4-40F4-A180-A78B9AE0A9F3}
		{B4B66473-DEAE-494A-8B20-D66D8062210A} = {C43096AC-5715-41FC-BC2D-D7DEE83749E6}
		{D8B34787-1FD0-41D4-AAFE-E4B88F142896} = {C43096AC-5715-41FC-BC2D-D7DEE83749E6}
	EndGlobalSection
EndGlobal
